
Microsoft Visual Studio Solution File, Format Version 11.00
# Visual Studio 2010
Project("{FAE04EC0-301F-11D3-BF4B-00C04F79EFBC}") = "XDMessaging", "XDMessaging.csproj", "{EFAAE69D-F65D-4247-81AA-440E18C3336F}"
EndProject
Project("{2150E333-8FDC-42A3-9474-1A3956D46DE8}") = "Build", "Build", "{7A3C52DD-EB2C-4814-9041-EEAD12DB0E38}"
	ProjectSection(SolutionItems) = preProject
		..\License = ..\License
		..\pack-nuget.bat = ..\pack-nuget.bat
		..\XDMessaging.nuspec = ..\XDMessaging.nuspec
	EndProjectSection
EndProject
Global
	GlobalSection(SolutionConfigurationPlatforms) = preSolution
		Debug|Any CPU = Debug|Any CPU
		Debug|Mixed Platforms = Debug|Mixed Platforms
		Debug|x86 = Debug|x86
		Release|Any CPU = Release|Any CPU
		Release|Mixed Platforms = Release|Mixed Platforms
		Release|x86 = Release|x86
		SignedRelease|Any CPU = SignedRelease|Any CPU
		SignedRelease|Mixed Platforms = SignedRelease|Mixed Platforms
		SignedRelease|x86 = SignedRelease|x86
	EndGlobalSection
	GlobalSection(ProjectConfigurationPlatforms) = postSolution
		{EFAAE69D-F65D-4247-81AA-440E18C3336F}.Debug|Any CPU.ActiveCfg = Debug|Any CPU
		{EFAAE69D-F65D-4247-81AA-440E18C3336F}.Debug|Any CPU.Build.0 = Debug|Any CPU
		{EFAAE69D-F65D-4247-81AA-440E18C3336F}.Debug|Mixed Platforms.ActiveCfg = Debug|Any CPU
		{EFAAE69D-F65D-4247-81AA-440E18C3336F}.Debug|Mixed Platforms.Build.0 = Debug|Any CPU
		{EFAAE69D-F65D-4247-81AA-440E18C3336F}.Debug|x86.ActiveCfg = Debug|Any CPU
		{EFAAE69D-F65D-4247-81AA-440E18C3336F}.Release|Any CPU.ActiveCfg = Release|Any CPU
		{EFAAE69D-F65D-4247-81AA-440E18C3336F}.Release|Any CPU.Build.0 = Release|Any CPU
		{EFAAE69D-F65D-4247-81AA-440E18C3336F}.Release|Mixed Platforms.ActiveCfg = Release|Any CPU
		{EFAAE69D-F65D-4247-81AA-440E18C3336F}.Release|Mixed Platforms.Build.0 = Release|Any CPU
		{EFAAE69D-F65D-4247-81AA-440E18C3336F}.Release|x86.ActiveCfg = Release|Any CPU
		{EFAAE69D-F65D-4247-81AA-440E18C3336F}.SignedRelease|Any CPU.ActiveCfg = SignedRelease|Any CPU
		{EFAAE69D-F65D-4247-81AA-440E18C3336F}.SignedRelease|Any CPU.Build.0 = SignedRelease|Any CPU
		{EFAAE69D-F65D-4247-81AA-440E18C3336F}.SignedRelease|Mixed Platforms.ActiveCfg = SignedRelease|Any CPU
		{EFAAE69D-F65D-4247-81AA-440E18C3336F}.SignedRelease|Mixed Platforms.Build.0 = SignedRelease|Any CPU
		{EFAAE69D-F65D-4247-81AA-440E18C3336F}.SignedRelease|x86.ActiveCfg = SignedRelease|Any CPU
	EndGlobalSection
	GlobalSection(SolutionProperties) = preSolution
		HideSolutionNode = FALSE
	EndGlobalSection
EndGlobal
