
Microsoft Visual Studio Solution File, Format Version 11.00
# Visual Studio 2010
Project("{FAE04EC0-301F-11D3-BF4B-00C04F79EFBC}") = "Test Service", "Test Service\Test Service.csproj", "{620A459E-E994-4CA6-8891-58EAF6EA9683}"
EndProject
Project("{FAE04EC0-301F-11D3-BF4B-00C04F79EFBC}") = "Messenger", "Messenger\Messenger.csproj", "{670B883C-0C86-4AE4-B07E-EC7DEAF788B1}"
EndProject
Global
	GlobalSection(SolutionConfigurationPlatforms) = preSolution
		Debug|Any CPU = Debug|Any CPU
		Debug|Mixed Platforms = Debug|Mixed Platforms
		Debug|x86 = Debug|x86
		Release|Any CPU = Release|Any CPU
		Release|Mixed Platforms = Release|Mixed Platforms
		Release|x86 = Release|x86
	EndGlobalSection
	GlobalSection(ProjectConfigurationPlatforms) = postSolution
		{620A459E-E994-4CA6-8891-58EAF6EA9683}.Debug|Any CPU.ActiveCfg = Debug|Any CPU
		{620A459E-E994-4CA6-8891-58EAF6EA9683}.Debug|Any CPU.Build.0 = Debug|Any CPU
		{620A459E-E994-4CA6-8891-58EAF6EA9683}.Debug|Mixed Platforms.ActiveCfg = Debug|Any CPU
		{620A459E-E994-4CA6-8891-58EAF6EA9683}.Debug|Mixed Platforms.Build.0 = Debug|Any CPU
		{620A459E-E994-4CA6-8891-58EAF6EA9683}.Debug|x86.ActiveCfg = Debug|Any CPU
		{620A459E-E994-4CA6-8891-58EAF6EA9683}.Release|Any CPU.ActiveCfg = Release|Any CPU
		{620A459E-E994-4CA6-8891-58EAF6EA9683}.Release|Any CPU.Build.0 = Release|Any CPU
		{620A459E-E994-4CA6-8891-58EAF6EA9683}.Release|Mixed Platforms.ActiveCfg = Release|Any CPU
		{620A459E-E994-4CA6-8891-58EAF6EA9683}.Release|Mixed Platforms.Build.0 = Release|Any CPU
		{620A459E-E994-4CA6-8891-58EAF6EA9683}.Release|x86.ActiveCfg = Release|Any CPU
		{670B883C-0C86-4AE4-B07E-EC7DEAF788B1}.Debug|Any CPU.ActiveCfg = Debug|x86
		{670B883C-0C86-4AE4-B07E-EC7DEAF788B1}.Debug|Mixed Platforms.ActiveCfg = Debug|x86
		{670B883C-0C86-4AE4-B07E-EC7DEAF788B1}.Debug|Mixed Platforms.Build.0 = Debug|x86
		{670B883C-0C86-4AE4-B07E-EC7DEAF788B1}.Debug|x86.ActiveCfg = Debug|x86
		{670B883C-0C86-4AE4-B07E-EC7DEAF788B1}.Debug|x86.Build.0 = Debug|x86
		{670B883C-0C86-4AE4-B07E-EC7DEAF788B1}.Release|Any CPU.ActiveCfg = Release|x86
		{670B883C-0C86-4AE4-B07E-EC7DEAF788B1}.Release|Mixed Platforms.ActiveCfg = Release|x86
		{670B883C-0C86-4AE4-B07E-EC7DEAF788B1}.Release|Mixed Platforms.Build.0 = Release|x86
		{670B883C-0C86-4AE4-B07E-EC7DEAF788B1}.Release|x86.ActiveCfg = Release|x86
		{670B883C-0C86-4AE4-B07E-EC7DEAF788B1}.Release|x86.Build.0 = Release|x86
	EndGlobalSection
	GlobalSection(SolutionProperties) = preSolution
		HideSolutionNode = FALSE
	EndGlobalSection
EndGlobal
